
Microsoft Visual Studio Solution File, Format Version 12.00
# Visual Studio Version 16
VisualStudioVersion = 16.0.31402.337
MinimumVisualStudioVersion = 10.0.40219.1
Project("{FAE04EC0-301F-11D3-BF4B-00C04F79EFBC}") = "ApiGateway", "ApiGateway.csproj", "{5E753B27-DF91-4743-BA29-144C25B4C287}"
EndProject
Global
	GlobalSection(SolutionConfigurationPlatforms) = preSolution
		Debug|Any CPU = Debug|Any CPU
		Release|Any CPU = Release|Any CPU
	EndGlobalSection
	GlobalSection(ProjectConfigurationPlatforms) = postSolution
		{5E753B27-DF91-4743-BA29-144C25B4C287}.Debug|Any CPU.ActiveCfg = Debug|Any CPU
		{5E753B27-DF91-4743-BA29-144C25B4C287}.Debug|Any CPU.Build.0 = Debug|Any CPU
		{5E753B27-DF91-4743-BA29-144C25B4C287}.Release|Any CPU.ActiveCfg = Release|Any CPU
		{5E753B27-DF91-4743-BA29-144C25B4C287}.Release|Any CPU.Build.0 = Release|Any CPU
	EndGlobalSection
	GlobalSection(SolutionProperties) = preSolution
		HideSolutionNode = FALSE
	EndGlobalSection
	GlobalSection(ExtensibilityGlobals) = postSolution
		SolutionGuid = {F265DBE3-3BF4-4DCD-89B9-A451D43A6088}
	EndGlobalSection
EndGlobal
